
Microsoft Visual Studio Solution File, Format Version 12.00
# Visual Studio 15
VisualStudioVersion = 15.0.26430.14
MinimumVisualStudioVersion = 10.0.40219.1
Project("{FAE04EC0-301F-11D3-BF4B-00C04F79EFBC}") = "SqlServerReportRunner", "SqlServerReportRunner\SqlServerReportRunner.csproj", "{70C94699-68A0-497C-91FE-9F568BCC4FAD}"
EndProject
Project("{FAE04EC0-301F-11D3-BF4B-00C04F79EFBC}") = "SqlServerReportRunner.Tests", "Test.SqlServerReportRunner\Test.SqlServerReportRunner.csproj", "{6B6C8635-8F67-475C-8592-F9FE4CE2E6A3}"
EndProject
Global
	GlobalSection(SolutionConfigurationPlatforms) = preSolution
		Debug|Any CPU = Debug|Any CPU
		Release|Any CPU = Release|Any CPU
	EndGlobalSection
	GlobalSection(ProjectConfigurationPlatforms) = postSolution
		{70C94699-68A0-497C-91FE-9F568BCC4FAD}.Debug|Any CPU.ActiveCfg = Debug|Any CPU
		{70C94699-68A0-497C-91FE-9F568BCC4FAD}.Debug|Any CPU.Build.0 = Debug|Any CPU
		{70C94699-68A0-497C-91FE-9F568BCC4FAD}.Release|Any CPU.ActiveCfg = Release|Any CPU
		{70C94699-68A0-497C-91FE-9F568BCC4FAD}.Release|Any CPU.Build.0 = Release|Any CPU
		{6B6C8635-8F67-475C-8592-F9FE4CE2E6A3}.Debug|Any CPU.ActiveCfg = Debug|Any CPU
		{6B6C8635-8F67-475C-8592-F9FE4CE2E6A3}.Debug|Any CPU.Build.0 = Debug|Any CPU
		{6B6C8635-8F67-475C-8592-F9FE4CE2E6A3}.Release|Any CPU.ActiveCfg = Release|Any CPU
		{6B6C8635-8F67-475C-8592-F9FE4CE2E6A3}.Release|Any CPU.Build.0 = Release|Any CPU
	EndGlobalSection
	GlobalSection(SolutionProperties) = preSolution
		HideSolutionNode = FALSE
	EndGlobalSection
EndGlobal
